
Microsoft Visual Studio Solution File, Format Version 12.00
# Visual Studio Version 17
VisualStudioVersion = 17.11.35312.102
MinimumVisualStudioVersion = 10.0.40219.1
Project("{FAE04EC0-301F-11D3-BF4B-00C04F79EFBC}") = "KipoTupiniquimEngine", "KipoTupiniquimEngine.csproj", "{5AFB4347-9651-4412-A644-329409DF015E}"
EndProject
Global
	GlobalSection(SolutionConfigurationPlatforms) = preSolution
		Debug|Any CPU = Debug|Any CPU
		Release|Any CPU = Release|Any CPU
	EndGlobalSection
	GlobalSection(ProjectConfigurationPlatforms) = postSolution
		{5AFB4347-9651-4412-A644-329409DF015E}.Debug|Any CPU.ActiveCfg = Debug|Any CPU
		{5AFB4347-9651-4412-A644-329409DF015E}.Debug|Any CPU.Build.0 = Debug|Any CPU
		{5AFB4347-9651-4412-A644-329409DF015E}.Release|Any CPU.ActiveCfg = Release|Any CPU
		{5AFB4347-9651-4412-A644-329409DF015E}.Release|Any CPU.Build.0 = Release|Any CPU
	EndGlobalSection
	GlobalSection(SolutionProperties) = preSolution
		HideSolutionNode = FALSE
	EndGlobalSection
	GlobalSection(ExtensibilityGlobals) = postSolution
		SolutionGuid = {24B093D5-17EF-48A3-8F41-9A93DA2D81A1}
	EndGlobalSection
EndGlobal
